
Microsoft Visual Studio Solution File, Format Version 12.00
# Visual Studio 2013
VisualStudioVersion = 12.0.31101.0
MinimumVisualStudioVersion = 10.0.40219.1
Project("{FAE04EC0-301F-11D3-BF4B-00C04F79EFBC}") = "Domain.Common", "Domain.Common\Domain.Common.csproj", "{01AAB258-A757-486F-B24F-3F804C3A9FA7}"
EndProject
Project("{FAE04EC0-301F-11D3-BF4B-00C04F79EFBC}") = "Domain.Entities", "Domain.Entities\Domain.Entities.csproj", "{F7957F37-DAFB-462F-8509-F5C2659E5EC9}"
EndProject
Project("{2150E333-8FDC-42A3-9474-1A3956D46DE8}") = "Solution Items", "Solution Items", "{39EF0CEF-4F44-495D-BFAD-034818BB5714}"
	ProjectSection(SolutionItems) = preProject
		.gitattributes = .gitattributes
		.gitignore = .gitignore
		LICENSE = LICENSE
		README.md = README.md
	EndProjectSection
EndProject
Project("{FAE04EC0-301F-11D3-BF4B-00C04F79EFBC}") = "Domain.Specifications", "Domain.Specifications\Domain.Specifications.csproj", "{56EFC4C3-339D-4D78-85FB-A21354FCF9BA}"
EndProject
Project("{FAE04EC0-301F-11D3-BF4B-00C04F79EFBC}") = "Infrastructure.Persistence.Common", "Infrastructure.Persistence.Common\Infrastructure.Persistence.Common.csproj", "{86E54F75-96A4-4269-B16B-111186380B1B}"
EndProject
Global
	GlobalSection(SolutionConfigurationPlatforms) = preSolution
		Debug|Any CPU = Debug|Any CPU
		Release|Any CPU = Release|Any CPU
	EndGlobalSection
	GlobalSection(ProjectConfigurationPlatforms) = postSolution
		{01AAB258-A757-486F-B24F-3F804C3A9FA7}.Debug|Any CPU.ActiveCfg = Debug|Any CPU
		{01AAB258-A757-486F-B24F-3F804C3A9FA7}.Debug|Any CPU.Build.0 = Debug|Any CPU
		{01AAB258-A757-486F-B24F-3F804C3A9FA7}.Release|Any CPU.ActiveCfg = Release|Any CPU
		{01AAB258-A757-486F-B24F-3F804C3A9FA7}.Release|Any CPU.Build.0 = Release|Any CPU
		{F7957F37-DAFB-462F-8509-F5C2659E5EC9}.Debug|Any CPU.ActiveCfg = Debug|Any CPU
		{F7957F37-DAFB-462F-8509-F5C2659E5EC9}.Debug|Any CPU.Build.0 = Debug|Any CPU
		{F7957F37-DAFB-462F-8509-F5C2659E5EC9}.Release|Any CPU.ActiveCfg = Release|Any CPU
		{F7957F37-DAFB-462F-8509-F5C2659E5EC9}.Release|Any CPU.Build.0 = Release|Any CPU
		{56EFC4C3-339D-4D78-85FB-A21354FCF9BA}.Debug|Any CPU.ActiveCfg = Debug|Any CPU
		{56EFC4C3-339D-4D78-85FB-A21354FCF9BA}.Debug|Any CPU.Build.0 = Debug|Any CPU
		{56EFC4C3-339D-4D78-85FB-A21354FCF9BA}.Release|Any CPU.ActiveCfg = Release|Any CPU
		{56EFC4C3-339D-4D78-85FB-A21354FCF9BA}.Release|Any CPU.Build.0 = Release|Any CPU
		{86E54F75-96A4-4269-B16B-111186380B1B}.Debug|Any CPU.ActiveCfg = Debug|Any CPU
		{86E54F75-96A4-4269-B16B-111186380B1B}.Debug|Any CPU.Build.0 = Debug|Any CPU
		{86E54F75-96A4-4269-B16B-111186380B1B}.Release|Any CPU.ActiveCfg = Release|Any CPU
		{86E54F75-96A4-4269-B16B-111186380B1B}.Release|Any CPU.Build.0 = Release|Any CPU
	EndGlobalSection
	GlobalSection(SolutionProperties) = preSolution
		HideSolutionNode = FALSE
	EndGlobalSection
EndGlobal
